
Microsoft Visual Studio Solution File, Format Version 12.00
# Visual Studio Version 16
VisualStudioVersion = 16.0.31702.278
MinimumVisualStudioVersion = 10.0.40219.1
Project("{FAE04EC0-301F-11D3-BF4B-00C04F79EFBC}") = "Work7", "Work7\Work7.csproj", "{34D41C75-19C2-4B23-93DC-3A6C3421A1C7}"
EndProject
Global
	GlobalSection(SolutionConfigurationPlatforms) = preSolution
		Debug|Any CPU = Debug|Any CPU
		Release|Any CPU = Release|Any CPU
	EndGlobalSection
	GlobalSection(ProjectConfigurationPlatforms) = postSolution
		{34D41C75-19C2-4B23-93DC-3A6C3421A1C7}.Debug|Any CPU.ActiveCfg = Debug|Any CPU
		{34D41C75-19C2-4B23-93DC-3A6C3421A1C7}.Debug|Any CPU.Build.0 = Debug|Any CPU
		{34D41C75-19C2-4B23-93DC-3A6C3421A1C7}.Release|Any CPU.ActiveCfg = Release|Any CPU
		{34D41C75-19C2-4B23-93DC-3A6C3421A1C7}.Release|Any CPU.Build.0 = Release|Any CPU
	EndGlobalSection
	GlobalSection(SolutionProperties) = preSolution
		HideSolutionNode = FALSE
	EndGlobalSection
	GlobalSection(ExtensibilityGlobals) = postSolution
		SolutionGuid = {1BA0E722-3080-46A0-91B1-2A086242014B}
	EndGlobalSection
EndGlobal
