
Microsoft Visual Studio Solution File, Format Version 12.00
# Visual Studio Version 16
VisualStudioVersion = 16.0.31702.278
MinimumVisualStudioVersion = 10.0.40219.1
Project("{FAE04EC0-301F-11D3-BF4B-00C04F79EFBC}") = "Work5", "Work5\Work5.csproj", "{00863602-6841-414F-8F78-C7F41D768387}"
EndProject
Global
	GlobalSection(SolutionConfigurationPlatforms) = preSolution
		Debug|Any CPU = Debug|Any CPU
		Release|Any CPU = Release|Any CPU
	EndGlobalSection
	GlobalSection(ProjectConfigurationPlatforms) = postSolution
		{00863602-6841-414F-8F78-C7F41D768387}.Debug|Any CPU.ActiveCfg = Debug|Any CPU
		{00863602-6841-414F-8F78-C7F41D768387}.Debug|Any CPU.Build.0 = Debug|Any CPU
		{00863602-6841-414F-8F78-C7F41D768387}.Release|Any CPU.ActiveCfg = Release|Any CPU
		{00863602-6841-414F-8F78-C7F41D768387}.Release|Any CPU.Build.0 = Release|Any CPU
	EndGlobalSection
	GlobalSection(SolutionProperties) = preSolution
		HideSolutionNode = FALSE
	EndGlobalSection
	GlobalSection(ExtensibilityGlobals) = postSolution
		SolutionGuid = {F068C662-E26B-43A7-A5C6-7064E84FA167}
	EndGlobalSection
EndGlobal
